{
    "_readme": [
        "This file locks the dependencies of your project to a known state",
        "Read more about it at https://getcomposer.org/doc/01-basic-usage.md#composer-lock-the-lock-file",
        "This file is @generated automatically"
    ],
    "hash": "8b78e3e82612332e73f5220f5423a57b",
    "content-hash": "c07c6fe3bb08e39729685ea636db94e4",
    "packages": [
        {
            "name": "apflieger/project-a",
            "version": "1.0.0",
            "dist": {
                "type": "path",
                "url": "../project-a/",
                "reference": "f25443a6702013ad1be8052ecf0b9e28315285d8",
                "shasum": null
            },
            "type": "library",
            "autoload": {
                "psr-4": {
                    "": "src/"
                }
            },
            "authors": [
                {
                    "name": "Arnaud Pflieger",
                    "email": "pflieger.arnaud@gmail.com"
                }
            ]
        }
    ],
    "packages-dev": [],
    "aliases": [],
    "minimum-stability": "stable",
    "stability-flags": [],
    "prefer-stable": false,
    "prefer-lowest": false,
    "platform": [],
    "platform-dev": []
}
